
Microsoft Visual Studio Solution File, Format Version 12.00
# Visual Studio Version 17
VisualStudioVersion = 17.9.34622.214
MinimumVisualStudioVersion = 10.0.40219.1
Project("{FAE04EC0-301F-11D3-BF4B-00C04F79EFBC}") = "RockShooter2", "RockShooter2.csproj", "{CDACC27D-FF4D-4AB3-B686-31556A7EB238}"
EndProject
Global
	GlobalSection(SolutionConfigurationPlatforms) = preSolution
		Debug|Any CPU = Debug|Any CPU
		Release|Any CPU = Release|Any CPU
	EndGlobalSection
	GlobalSection(ProjectConfigurationPlatforms) = postSolution
		{CDACC27D-FF4D-4AB3-B686-31556A7EB238}.Debug|Any CPU.ActiveCfg = Debug|Any CPU
		{CDACC27D-FF4D-4AB3-B686-31556A7EB238}.Debug|Any CPU.Build.0 = Debug|Any CPU
		{CDACC27D-FF4D-4AB3-B686-31556A7EB238}.Release|Any CPU.ActiveCfg = Release|Any CPU
		{CDACC27D-FF4D-4AB3-B686-31556A7EB238}.Release|Any CPU.Build.0 = Release|Any CPU
	EndGlobalSection
	GlobalSection(SolutionProperties) = preSolution
		HideSolutionNode = FALSE
	EndGlobalSection
	GlobalSection(ExtensibilityGlobals) = postSolution
		SolutionGuid = {47EF90FE-13DF-4849-8409-FDCAC8B25B75}
	EndGlobalSection
EndGlobal
